
Microsoft Visual Studio Solution File, Format Version 12.00
# Visual Studio Version 17
VisualStudioVersion = 17.14.36414.22 d17.14
MinimumVisualStudioVersion = 10.0.40219.1
Project("{A07B5EB6-E848-4116-A8D0-A826331D98C6}") = "AI_Projekat", "AI_Projekat.sfproj", "{F58D2A73-77EB-4092-86F5-090CD7632999}"
EndProject
Project("{FAE04EC0-301F-11D3-BF4B-00C04F79EFBC}") = "test_stateless", "..\test_stateless\test_stateless.csproj", "{A58CF710-7805-4C97-A556-F08C4C6CE8F2}"
EndProject
Global
	GlobalSection(SolutionConfigurationPlatforms) = preSolution
		Debug|Any CPU = Debug|Any CPU
		Debug|x64 = Debug|x64
		Release|Any CPU = Release|Any CPU
		Release|x64 = Release|x64
	EndGlobalSection
	GlobalSection(ProjectConfigurationPlatforms) = postSolution
		{F58D2A73-77EB-4092-86F5-090CD7632999}.Debug|Any CPU.ActiveCfg = Debug|x64
		{F58D2A73-77EB-4092-86F5-090CD7632999}.Debug|Any CPU.Build.0 = Debug|x64
		{F58D2A73-77EB-4092-86F5-090CD7632999}.Debug|Any CPU.Deploy.0 = Debug|x64
		{F58D2A73-77EB-4092-86F5-090CD7632999}.Debug|x64.ActiveCfg = Debug|x64
		{F58D2A73-77EB-4092-86F5-090CD7632999}.Debug|x64.Build.0 = Debug|x64
		{F58D2A73-77EB-4092-86F5-090CD7632999}.Debug|x64.Deploy.0 = Debug|x64
		{F58D2A73-77EB-4092-86F5-090CD7632999}.Release|Any CPU.ActiveCfg = Release|x64
		{F58D2A73-77EB-4092-86F5-090CD7632999}.Release|Any CPU.Build.0 = Release|x64
		{F58D2A73-77EB-4092-86F5-090CD7632999}.Release|Any CPU.Deploy.0 = Release|x64
		{F58D2A73-77EB-4092-86F5-090CD7632999}.Release|x64.ActiveCfg = Release|x64
		{F58D2A73-77EB-4092-86F5-090CD7632999}.Release|x64.Build.0 = Release|x64
		{F58D2A73-77EB-4092-86F5-090CD7632999}.Release|x64.Deploy.0 = Release|x64
		{A58CF710-7805-4C97-A556-F08C4C6CE8F2}.Debug|Any CPU.ActiveCfg = Debug|Any CPU
		{A58CF710-7805-4C97-A556-F08C4C6CE8F2}.Debug|Any CPU.Build.0 = Debug|Any CPU
		{A58CF710-7805-4C97-A556-F08C4C6CE8F2}.Debug|x64.ActiveCfg = Debug|Any CPU
		{A58CF710-7805-4C97-A556-F08C4C6CE8F2}.Debug|x64.Build.0 = Debug|Any CPU
		{A58CF710-7805-4C97-A556-F08C4C6CE8F2}.Release|Any CPU.ActiveCfg = Release|Any CPU
		{A58CF710-7805-4C97-A556-F08C4C6CE8F2}.Release|Any CPU.Build.0 = Release|Any CPU
		{A58CF710-7805-4C97-A556-F08C4C6CE8F2}.Release|x64.ActiveCfg = Release|Any CPU
		{A58CF710-7805-4C97-A556-F08C4C6CE8F2}.Release|x64.Build.0 = Release|Any CPU
	EndGlobalSection
	GlobalSection(SolutionProperties) = preSolution
		HideSolutionNode = FALSE
	EndGlobalSection
	GlobalSection(ExtensibilityGlobals) = postSolution
		SolutionGuid = {E5071085-37A7-457E-A084-FBE8C3319319}
	EndGlobalSection
EndGlobal
